
Microsoft Visual Studio Solution File, Format Version 12.00
# Visual Studio Version 17
VisualStudioVersion = 17.14.36121.58
MinimumVisualStudioVersion = 10.0.40219.1
Project("{FAE04EC0-301F-11D3-BF4B-00C04F79EFBC}") = "Shared", "Shared\Shared.csproj", "{C6074178-EECB-4424-8BBF-4720F6680EDC}"
EndProject
Project("{FAE04EC0-301F-11D3-BF4B-00C04F79EFBC}") = "Web", "Web\Web.csproj", "{D71DB298-2DE0-409E-B602-3D4C13209D6B}"
EndProject
Project("{FAE04EC0-301F-11D3-BF4B-00C04F79EFBC}") = "Functions", "Functions\Functions.csproj", "{5726E754-66E7-4A01-969D-38ED3DA47D4A}"
EndProject
Global
	GlobalSection(SolutionConfigurationPlatforms) = preSolution
		Debug|Any CPU = Debug|Any CPU
		Release|Any CPU = Release|Any CPU
	EndGlobalSection
	GlobalSection(ProjectConfigurationPlatforms) = postSolution
		{C6074178-EECB-4424-8BBF-4720F6680EDC}.Debug|Any CPU.ActiveCfg = Debug|Any CPU
		{C6074178-EECB-4424-8BBF-4720F6680EDC}.Debug|Any CPU.Build.0 = Debug|Any CPU
		{C6074178-EECB-4424-8BBF-4720F6680EDC}.Release|Any CPU.ActiveCfg = Release|Any CPU
		{C6074178-EECB-4424-8BBF-4720F6680EDC}.Release|Any CPU.Build.0 = Release|Any CPU
		{D71DB298-2DE0-409E-B602-3D4C13209D6B}.Debug|Any CPU.ActiveCfg = Debug|Any CPU
		{D71DB298-2DE0-409E-B602-3D4C13209D6B}.Debug|Any CPU.Build.0 = Debug|Any CPU
		{D71DB298-2DE0-409E-B602-3D4C13209D6B}.Release|Any CPU.ActiveCfg = Release|Any CPU
		{D71DB298-2DE0-409E-B602-3D4C13209D6B}.Release|Any CPU.Build.0 = Release|Any CPU
		{5726E754-66E7-4A01-969D-38ED3DA47D4A}.Debug|Any CPU.ActiveCfg = Debug|Any CPU
		{5726E754-66E7-4A01-969D-38ED3DA47D4A}.Debug|Any CPU.Build.0 = Debug|Any CPU
		{5726E754-66E7-4A01-969D-38ED3DA47D4A}.Release|Any CPU.ActiveCfg = Release|Any CPU
		{5726E754-66E7-4A01-969D-38ED3DA47D4A}.Release|Any CPU.Build.0 = Release|Any CPU
	EndGlobalSection
	GlobalSection(SolutionProperties) = preSolution
		HideSolutionNode = FALSE
	EndGlobalSection
	GlobalSection(ExtensibilityGlobals) = postSolution
		SolutionGuid = {090404FA-46FA-469F-9784-4B150E900522}
	EndGlobalSection
EndGlobal
